
Microsoft Visual Studio Solution File, Format Version 12.00
# Visual Studio Version 17
VisualStudioVersion = 17.7.34031.279
MinimumVisualStudioVersion = 10.0.40219.1
Project("{FAE04EC0-301F-11D3-BF4B-00C04F79EFBC}") = "VP_pr5_David", "VP_pr5_David\VP_pr5_David.csproj", "{1AF81F6F-72BE-49EE-9B69-B4EB8C5EB483}"
EndProject
Global
	GlobalSection(SolutionConfigurationPlatforms) = preSolution
		Debug|Any CPU = Debug|Any CPU
		Release|Any CPU = Release|Any CPU
	EndGlobalSection
	GlobalSection(ProjectConfigurationPlatforms) = postSolution
		{1AF81F6F-72BE-49EE-9B69-B4EB8C5EB483}.Debug|Any CPU.ActiveCfg = Debug|Any CPU
		{1AF81F6F-72BE-49EE-9B69-B4EB8C5EB483}.Debug|Any CPU.Build.0 = Debug|Any CPU
		{1AF81F6F-72BE-49EE-9B69-B4EB8C5EB483}.Release|Any CPU.ActiveCfg = Release|Any CPU
		{1AF81F6F-72BE-49EE-9B69-B4EB8C5EB483}.Release|Any CPU.Build.0 = Release|Any CPU
	EndGlobalSection
	GlobalSection(SolutionProperties) = preSolution
		HideSolutionNode = FALSE
	EndGlobalSection
	GlobalSection(ExtensibilityGlobals) = postSolution
		SolutionGuid = {8E2EFB5D-22FA-459B-9766-A7B81D658593}
	EndGlobalSection
EndGlobal
